{
  "version": 4,
  "terraform_version": "1.6.2",
  "serial": 12,
  "lineage": "1bf05afe-09b0-9c82-aabd-77d0108a0745",
  "outputs": {},
  "resources": [
    {
      "mode": "managed",
      "type": "local_file",
      "name": "games",
      "provider": "provider[\"registry.terraform.io/hashicorp/local\"]",
      "instances": [
        {
          "schema_version": 0,
          "attributes": {
            "content": "FIFA 23",
            "content_base64": null,
            "content_base64sha256": "EdtzJrImMexfqmEqQw2u9tn+8B7BYQb7khLb2MyNTmY=",
            "content_base64sha512": "ZzBJiCwE8y4ZrjGIRGOCV/cniBPci8qA2W2o549HwDYaIrkckXlcc7nullVOb0cxEktbnXDVhg1PRNecx1mtBA==",
            "content_md5": "7d884f0f96f5292e861c55abb5e53c3c",
            "content_sha1": "0a48b8701222164b2eb098b36c19607665611558",
            "content_sha256": "11db7326b22631ec5faa612a430daef6d9fef01ec16106fb9212dbd8cc8d4e66",
            "content_sha512": "673049882c04f32e19ae318844638257f7278813dc8bca80d96da8e78f47c0361a22b91c91795c73b9ee96554e6f4731124b5b9d70d5860d4f44d79cc759ad04",
            "directory_permission": "0777",
            "file_permission": "0777",
            "filename": "favorite-games",
            "id": "0a48b8701222164b2eb098b36c19607665611558",
            "sensitive_content": null,
            "source": null
          },
          "sensitive_attributes": []
        }
      ]
    },
    {
      "mode": "managed",
      "type": "local_file",
      "name": "movie",
      "provider": "provider[\"registry.terraform.io/hashicorp/local\"]",
      "instances": [
        {
          "schema_version": 0,
          "attributes": {
            "content": "RRR",
            "content_base64": null,
            "content_base64sha256": "oFUBEX0d/lH55USmp9MvC3AFtTwHR11BuHEyrerfTuI=",
            "content_base64sha512": "E+2K/je/OCluRkXcHCJh02iUS6PqLGZEMqpgEwJYo2Fcky9/yCUrs58SOzKiBGCDd6F1hh1bdgzc/7NZxTfXVQ==",
            "content_md5": "e0d03ccdf693ee6b34cb1dc577c1eb99",
            "content_sha1": "f20523ec3a9f3796042e5823b06f9ef5d8e427b0",
            "content_sha256": "a05501117d1dfe51f9e544a6a7d32f0b7005b53c07475d41b87132adeadf4ee2",
            "content_sha512": "13ed8afe37bf38296e4645dc1c2261d368944ba3ea2c664432aa60130258a3615c932f7fc8252bb39f123b32a204608377a175861d5b760cdcffb359c537d755",
            "directory_permission": "0777",
            "file_permission": "0777",
            "filename": "film",
            "id": "f20523ec3a9f3796042e5823b06f9ef5d8e427b0",
            "sensitive_content": null,
            "source": null
          },
          "sensitive_attributes": []
        }
      ]
    }
  ],
  "check_results": null
}
